
Microsoft Visual Studio Solution File, Format Version 12.00
# Visual Studio Version 17
VisualStudioVersion = 17.5.002.0
MinimumVisualStudioVersion = 10.0.40219.1
Project("{9A19103F-16F7-4668-BE54-9A1E7A4F7556}") = "Impostor.Server", "Impostor.Server.csproj", "{C02D05ED-852A-49A3-B500-D1FB2034727D}"
EndProject
Global
	GlobalSection(SolutionConfigurationPlatforms) = preSolution
		Debug|Any CPU = Debug|Any CPU
		Release|Any CPU = Release|Any CPU
	EndGlobalSection
	GlobalSection(ProjectConfigurationPlatforms) = postSolution
		{C02D05ED-852A-49A3-B500-D1FB2034727D}.Debug|Any CPU.ActiveCfg = Debug|Any CPU
		{C02D05ED-852A-49A3-B500-D1FB2034727D}.Debug|Any CPU.Build.0 = Debug|Any CPU
		{C02D05ED-852A-49A3-B500-D1FB2034727D}.Release|Any CPU.ActiveCfg = Release|Any CPU
		{C02D05ED-852A-49A3-B500-D1FB2034727D}.Release|Any CPU.Build.0 = Release|Any CPU
	EndGlobalSection
	GlobalSection(SolutionProperties) = preSolution
		HideSolutionNode = FALSE
	EndGlobalSection
	GlobalSection(ExtensibilityGlobals) = postSolution
		SolutionGuid = {2122DC05-8AA2-445A-BBDE-18DF4B08E2EE}
	EndGlobalSection
EndGlobal
